// !$*UTF8*$!
{
	archiveVersion = 1;
	classes = {
	};
	objectVersion = 50;
	objects = {

/* Begin PBXBuildFile section */
		AA5496FF254CA44800980FAE /* eval.swift in Sources */ = {isa = PBXBuildFile; fileRef = AA5496FE254CA44800980FAE /* eval.swift */; };
		AA549703254CA4BB00980FAE /* utils.swift in Sources */ = {isa = PBXBuildFile; fileRef = AA549702254CA4BB00980FAE /* utils.swift */; };
		AA549707254CA57A00980FAE /* transcode.swift in Sources */ = {isa = PBXBuildFile; fileRef = AA549706254CA57A00980FAE /* transcode.swift */; };
		AA54970C254CA60800980FAE /* utils.swift in Sources */ = {isa = PBXBuildFile; fileRef = AA549702254CA4BB00980FAE /* utils.swift */; };
		AA54970F254CA60C00980FAE /* transcode.swift in Sources */ = {isa = PBXBuildFile; fileRef = AA549706254CA57A00980FAE /* transcode.swift */; };
		AA549710254CA60C00980FAE /* eval.swift in Sources */ = {isa = PBXBuildFile; fileRef = AA5496FE254CA44800980FAE /* eval.swift */; };
		AA9027FF2549C72E000F3616 /* main.swift in Sources */ = {isa = PBXBuildFile; fileRef = AA9027FE2549C72E000F3616 /* main.swift */; };
		AA90280D2549C74D000F3616 /* Lisp2SwiftTests.swift in Sources */ = {isa = PBXBuildFile; fileRef = AA90280C2549C74D000F3616 /* Lisp2SwiftTests.swift */; };
		AAAA0A7B254C305800C3E83E /* scan.swift in Sources */ = {isa = PBXBuildFile; fileRef = AAAA0A7A254C305800C3E83E /* scan.swift */; };
		AAAA0A85254C314400C3E83E /* main.swift in Sources */ = {isa = PBXBuildFile; fileRef = AA9027FE2549C72E000F3616 /* main.swift */; };
		AAAA0A88254C314600C3E83E /* scan.swift in Sources */ = {isa = PBXBuildFile; fileRef = AAAA0A7A254C305800C3E83E /* scan.swift */; };
/* End PBXBuildFile section */

/* Begin PBXContainerItemProxy section */
		AA9028162549C902000F3616 /* PBXContainerItemProxy */ = {
			isa = PBXContainerItemProxy;
			containerPortal = AA9027F32549C72E000F3616 /* Project object */;
			proxyType = 1;
			remoteGlobalIDString = AA9027FA2549C72E000F3616;
			remoteInfo = Lisp2Swift;
		};
/* End PBXContainerItemProxy section */

/* Begin PBXCopyFilesBuildPhase section */
		AA9027F92549C72E000F3616 /* CopyFiles */ = {
			isa = PBXCopyFilesBuildPhase;
			buildActionMask = 2147483647;
			dstPath = /usr/share/man/man1/;
			dstSubfolderSpec = 0;
			files = (
			);
			runOnlyForDeploymentPostprocessing = 1;
		};
/* End PBXCopyFilesBuildPhase section */

/* Begin PBXFileReference section */
		AA5496FE254CA44800980FAE /* eval.swift */ = {isa = PBXFileReference; lastKnownFileType = sourcecode.swift; path = eval.swift; sourceTree = "<group>"; };
		AA549702254CA4BB00980FAE /* utils.swift */ = {isa = PBXFileReference; lastKnownFileType = sourcecode.swift; path = utils.swift; sourceTree = "<group>"; };
		AA549706254CA57A00980FAE /* transcode.swift */ = {isa = PBXFileReference; lastKnownFileType = sourcecode.swift; path = transcode.swift; sourceTree = "<group>"; };
		AA9027FB2549C72E000F3616 /* Lisp2Swift */ = {isa = PBXFileReference; explicitFileType = "compiled.mach-o.executable"; includeInIndex = 0; path = Lisp2Swift; sourceTree = BUILT_PRODUCTS_DIR; };
		AA9027FE2549C72E000F3616 /* main.swift */ = {isa = PBXFileReference; lastKnownFileType = sourcecode.swift; path = main.swift; sourceTree = "<group>"; };
		AA90280A2549C74D000F3616 /* Lisp2SwiftTests.xctest */ = {isa = PBXFileReference; explicitFileType = wrapper.cfbundle; includeInIndex = 0; path = Lisp2SwiftTests.xctest; sourceTree = BUILT_PRODUCTS_DIR; };
		AA90280C2549C74D000F3616 /* Lisp2SwiftTests.swift */ = {isa = PBXFileReference; lastKnownFileType = sourcecode.swift; path = Lisp2SwiftTests.swift; sourceTree = "<group>"; };
		AA90280E2549C74D000F3616 /* Info.plist */ = {isa = PBXFileReference; lastKnownFileType = text.plist.xml; path = Info.plist; sourceTree = "<group>"; };
		AAAA0A7A254C305800C3E83E /* scan.swift */ = {isa = PBXFileReference; lastKnownFileType = sourcecode.swift; path = scan.swift; sourceTree = "<group>"; };
/* End PBXFileReference section */

/* Begin PBXFrameworksBuildPhase section */
		AA9027F82549C72E000F3616 /* Frameworks */ = {
			isa = PBXFrameworksBuildPhase;
			buildActionMask = 2147483647;
			files = (
			);
			runOnlyForDeploymentPostprocessing = 0;
		};
		AA9028072549C74D000F3616 /* Frameworks */ = {
			isa = PBXFrameworksBuildPhase;
			buildActionMask = 2147483647;
			files = (
			);
			runOnlyForDeploymentPostprocessing = 0;
		};
/* End PBXFrameworksBuildPhase section */

/* Begin PBXGroup section */
		AA9027F22549C72E000F3616 = {
			isa = PBXGroup;
			children = (
				AA9027FD2549C72E000F3616 /* Lisp2Swift */,
				AA90280B2549C74D000F3616 /* Lisp2SwiftTests */,
				AA9027FC2549C72E000F3616 /* Products */,
			);
			sourceTree = "<group>";
		};
		AA9027FC2549C72E000F3616 /* Products */ = {
			isa = PBXGroup;
			children = (
				AA9027FB2549C72E000F3616 /* Lisp2Swift */,
				AA90280A2549C74D000F3616 /* Lisp2SwiftTests.xctest */,
			);
			name = Products;
			sourceTree = "<group>";
		};
		AA9027FD2549C72E000F3616 /* Lisp2Swift */ = {
			isa = PBXGroup;
			children = (
				AA9027FE2549C72E000F3616 /* main.swift */,
				AA549702254CA4BB00980FAE /* utils.swift */,
				AAAA0A7A254C305800C3E83E /* scan.swift */,
				AA5496FE254CA44800980FAE /* eval.swift */,
				AA549706254CA57A00980FAE /* transcode.swift */,
			);
			path = Lisp2Swift;
			sourceTree = "<group>";
		};
		AA90280B2549C74D000F3616 /* Lisp2SwiftTests */ = {
			isa = PBXGroup;
			children = (
				AA90280C2549C74D000F3616 /* Lisp2SwiftTests.swift */,
				AA90280E2549C74D000F3616 /* Info.plist */,
			);
			path = Lisp2SwiftTests;
			sourceTree = "<group>";
		};
/* End PBXGroup section */

/* Begin PBXNativeTarget section */
		AA9027FA2549C72E000F3616 /* Lisp2Swift */ = {
			isa = PBXNativeTarget;
			buildConfigurationList = AA9028022549C72E000F3616 /* Build configuration list for PBXNativeTarget "Lisp2Swift" */;
			buildPhases = (
				AA9027F72549C72E000F3616 /* Sources */,
				AA9027F82549C72E000F3616 /* Frameworks */,
				AA9027F92549C72E000F3616 /* CopyFiles */,
			);
			buildRules = (
			);
			dependencies = (
			);
			name = Lisp2Swift;
			productName = Lisp2Swift;
			productReference = AA9027FB2549C72E000F3616 /* Lisp2Swift */;
			productType = "com.apple.product-type.tool";
		};
		AA9028092549C74D000F3616 /* Lisp2SwiftTests */ = {
			isa = PBXNativeTarget;
			buildConfigurationList = AA90280F2549C74D000F3616 /* Build configuration list for PBXNativeTarget "Lisp2SwiftTests" */;
			buildPhases = (
				AA9028062549C74D000F3616 /* Sources */,
				AA9028072549C74D000F3616 /* Frameworks */,
				AA9028082549C74D000F3616 /* Resources */,
			);
			buildRules = (
			);
			dependencies = (
				AA9028172549C902000F3616 /* PBXTargetDependency */,
			);
			name = Lisp2SwiftTests;
			productName = Lisp2SwiftTests;
			productReference = AA90280A2549C74D000F3616 /* Lisp2SwiftTests.xctest */;
			productType = "com.apple.product-type.bundle.unit-test";
		};
/* End PBXNativeTarget section */

/* Begin PBXProject section */
		AA9027F32549C72E000F3616 /* Project object */ = {
			isa = PBXProject;
			attributes = {
				LastSwiftUpdateCheck = 1210;
				LastUpgradeCheck = 1210;
				TargetAttributes = {
					AA9027FA2549C72E000F3616 = {
						CreatedOnToolsVersion = 12.1;
					};
					AA9028092549C74D000F3616 = {
						CreatedOnToolsVersion = 12.1;
					};
				};
			};
			buildConfigurationList = AA9027F62549C72E000F3616 /* Build configuration list for PBXProject "Lisp2Swift" */;
			compatibilityVersion = "Xcode 9.3";
			developmentRegion = en;
			hasScannedForEncodings = 0;
			knownRegions = (
				en,
				Base,
			);
			mainGroup = AA9027F22549C72E000F3616;
			productRefGroup = AA9027FC2549C72E000F3616 /* Products */;
			projectDirPath = "";
			projectRoot = "";
			targets = (
				AA9027FA2549C72E000F3616 /* Lisp2Swift */,
				AA9028092549C74D000F3616 /* Lisp2SwiftTests */,
			);
		};
/* End PBXProject section */

/* Begin PBXResourcesBuildPhase section */
		AA9028082549C74D000F3616 /* Resources */ = {
			isa = PBXResourcesBuildPhase;
			buildActionMask = 2147483647;
			files = (
			);
			runOnlyForDeploymentPostprocessing = 0;
		};
/* End PBXResourcesBuildPhase section */

/* Begin PBXSourcesBuildPhase section */
		AA9027F72549C72E000F3616 /* Sources */ = {
			isa = PBXSourcesBuildPhase;
			buildActionMask = 2147483647;
			files = (
				AAAA0A7B254C305800C3E83E /* scan.swift in Sources */,
				AA5496FF254CA44800980FAE /* eval.swift in Sources */,
				AA9027FF2549C72E000F3616 /* main.swift in Sources */,
				AA549703254CA4BB00980FAE /* utils.swift in Sources */,
				AA549707254CA57A00980FAE /* transcode.swift in Sources */,
			);
			runOnlyForDeploymentPostprocessing = 0;
		};
		AA9028062549C74D000F3616 /* Sources */ = {
			isa = PBXSourcesBuildPhase;
			buildActionMask = 2147483647;
			files = (
				AAAA0A85254C314400C3E83E /* main.swift in Sources */,
				AA549710254CA60C00980FAE /* eval.swift in Sources */,
				AAAA0A88254C314600C3E83E /* scan.swift in Sources */,
				AA90280D2549C74D000F3616 /* Lisp2SwiftTests.swift in Sources */,
				AA54970C254CA60800980FAE /* utils.swift in Sources */,
				AA54970F254CA60C00980FAE /* transcode.swift in Sources */,
			);
			runOnlyForDeploymentPostprocessing = 0;
		};
/* End PBXSourcesBuildPhase section */

/* Begin PBXTargetDependency section */
		AA9028172549C902000F3616 /* PBXTargetDependency */ = {
			isa = PBXTargetDependency;
			target = AA9027FA2549C72E000F3616 /* Lisp2Swift */;
			targetProxy = AA9028162549C902000F3616 /* PBXContainerItemProxy */;
		};
/* End PBXTargetDependency section */

/* Begin XCBuildConfiguration section */
		AA9028002549C72E000F3616 /* Debug */ = {
			isa = XCBuildConfiguration;
			buildSettings = {
				ALWAYS_SEARCH_USER_PATHS = NO;
				CLANG_ANALYZER_NONNULL = YES;
				CLANG_ANALYZER_NUMBER_OBJECT_CONVERSION = YES_AGGRESSIVE;
				CLANG_CXX_LANGUAGE_STANDARD = "gnu++14";
				CLANG_CXX_LIBRARY = "libc++";
				CLANG_ENABLE_MODULES = YES;
				CLANG_ENABLE_OBJC_ARC = YES;
				CLANG_ENABLE_OBJC_WEAK = YES;
				CLANG_WARN_BLOCK_CAPTURE_AUTORELEASING = YES;
				CLANG_WARN_BOOL_CONVERSION = YES;
				CLANG_WARN_COMMA = YES;
				CLANG_WARN_CONSTANT_CONVERSION = YES;
				CLANG_WARN_DEPRECATED_OBJC_IMPLEMENTATIONS = YES;
				CLANG_WARN_DIRECT_OBJC_ISA_USAGE = YES_ERROR;
				CLANG_WARN_DOCUMENTATION_COMMENTS = YES;
				CLANG_WARN_EMPTY_BODY = YES;
				CLANG_WARN_ENUM_CONVERSION = YES;
				CLANG_WARN_INFINITE_RECURSION = YES;
				CLANG_WARN_INT_CONVERSION = YES;
				CLANG_WARN_NON_LITERAL_NULL_CONVERSION = YES;
				CLANG_WARN_OBJC_IMPLICIT_RETAIN_SELF = YES;
				CLANG_WARN_OBJC_LITERAL_CONVERSION = YES;
				CLANG_WARN_OBJC_ROOT_CLASS = YES_ERROR;
				CLANG_WARN_QUOTED_INCLUDE_IN_FRAMEWORK_HEADER = YES;
				CLANG_WARN_RANGE_LOOP_ANALYSIS = YES;
				CLANG_WARN_STRICT_PROTOTYPES = YES;
				CLANG_WARN_SUSPICIOUS_MOVE = YES;
				CLANG_WARN_UNGUARDED_AVAILABILITY = YES_AGGRESSIVE;
				CLANG_WARN_UNREACHABLE_CODE = YES;
				CLANG_WARN__DUPLICATE_METHOD_MATCH = YES;
				COPY_PHASE_STRIP = NO;
				DEBUG_INFORMATION_FORMAT = dwarf;
				ENABLE_STRICT_OBJC_MSGSEND = YES;
				ENABLE_TESTABILITY = YES;
				GCC_C_LANGUAGE_STANDARD = gnu11;
				GCC_DYNAMIC_NO_PIC = NO;
				GCC_NO_COMMON_BLOCKS = YES;
				GCC_OPTIMIZATION_LEVEL = 0;
				GCC_PREPROCESSOR_DEFINITIONS = (
					"DEBUG=1",
					"$(inherited)",
				);
				GCC_WARN_64_TO_32_BIT_CONVERSION = YES;
				GCC_WARN_ABOUT_RETURN_TYPE = YES_ERROR;
				GCC_WARN_UNDECLARED_SELECTOR = YES;
				GCC_WARN_UNINITIALIZED_AUTOS = YES_AGGRESSIVE;
				GCC_WARN_UNUSED_FUNCTION = YES;
				GCC_WARN_UNUSED_VARIABLE = YES;
				MACOSX_DEPLOYMENT_TARGET = 10.15;
				MTL_ENABLE_DEBUG_INFO = INCLUDE_SOURCE;
				MTL_FAST_MATH = YES;
				ONLY_ACTIVE_ARCH = YES;
				SDKROOT = macosx;
				SWIFT_ACTIVE_COMPILATION_CONDITIONS = DEBUG;
				SWIFT_OPTIMIZATION_LEVEL = "-Onone";
			};
			name = Debug;
		};
		AA9028012549C72E000F3616 /* Release */ = {
			isa = XCBuildConfiguration;
			buildSettings = {
				ALWAYS_SEARCH_USER_PATHS = NO;
				CLANG_ANALYZER_NONNULL = YES;
				CLANG_ANALYZER_NUMBER_OBJECT_CONVERSION = YES_AGGRESSIVE;
				CLANG_CXX_LANGUAGE_STANDARD = "gnu++14";
				CLANG_CXX_LIBRARY = "libc++";
				CLANG_ENABLE_MODULES = YES;
				CLANG_ENABLE_OBJC_ARC = YES;
				CLANG_ENABLE_OBJC_WEAK = YES;
				CLANG_WARN_BLOCK_CAPTURE_AUTORELEASING = YES;
				CLANG_WARN_BOOL_CONVERSION = YES;
				CLANG_WARN_COMMA = YES;
				CLANG_WARN_CONSTANT_CONVERSION = YES;
				CLANG_WARN_DEPRECATED_OBJC_IMPLEMENTATIONS = YES;
				CLANG_WARN_DIRECT_OBJC_ISA_USAGE = YES_ERROR;
				CLANG_WARN_DOCUMENTATION_COMMENTS = YES;
				CLANG_WARN_EMPTY_BODY = YES;
				CLANG_WARN_ENUM_CONVERSION = YES;
				CLANG_WARN_INFINITE_RECURSION = YES;
				CLANG_WARN_INT_CONVERSION = YES;
				CLANG_WARN_NON_LITERAL_NULL_CONVERSION = YES;
				CLANG_WARN_OBJC_IMPLICIT_RETAIN_SELF = YES;
				CLANG_WARN_OBJC_LITERAL_CONVERSION = YES;
				CLANG_WARN_OBJC_ROOT_CLASS = YES_ERROR;
				CLANG_WARN_QUOTED_INCLUDE_IN_FRAMEWORK_HEADER = YES;
				CLANG_WARN_RANGE_LOOP_ANALYSIS = YES;
				CLANG_WARN_STRICT_PROTOTYPES = YES;
				CLANG_WARN_SUSPICIOUS_MOVE = YES;
				CLANG_WARN_UNGUARDED_AVAILABILITY = YES_AGGRESSIVE;
				CLANG_WARN_UNREACHABLE_CODE = YES;
				CLANG_WARN__DUPLICATE_METHOD_MATCH = YES;
				COPY_PHASE_STRIP = NO;
				DEBUG_INFORMATION_FORMAT = "dwarf-with-dsym";
				ENABLE_NS_ASSERTIONS = NO;
				ENABLE_STRICT_OBJC_MSGSEND = YES;
				GCC_C_LANGUAGE_STANDARD = gnu11;
				GCC_NO_COMMON_BLOCKS = YES;
				GCC_WARN_64_TO_32_BIT_CONVERSION = YES;
				GCC_WARN_ABOUT_RETURN_TYPE = YES_ERROR;
				GCC_WARN_UNDECLARED_SELECTOR = YES;
				GCC_WARN_UNINITIALIZED_AUTOS = YES_AGGRESSIVE;
				GCC_WARN_UNUSED_FUNCTION = YES;
				GCC_WARN_UNUSED_VARIABLE = YES;
				MACOSX_DEPLOYMENT_TARGET = 10.15;
				MTL_ENABLE_DEBUG_INFO = NO;
				MTL_FAST_MATH = YES;
				SDKROOT = macosx;
				SWIFT_COMPILATION_MODE = wholemodule;
				SWIFT_OPTIMIZATION_LEVEL = "-O";
			};
			name = Release;
		};
		AA9028032549C72E000F3616 /* Debug */ = {
			isa = XCBuildConfiguration;
			buildSettings = {
				CODE_SIGN_STYLE = Automatic;
				DEVELOPMENT_TEAM = NZSXN82T2Q;
				ENABLE_HARDENED_RUNTIME = YES;
				PRODUCT_NAME = "$(TARGET_NAME)";
				SWIFT_VERSION = 5.0;
			};
			name = Debug;
		};
		AA9028042549C72E000F3616 /* Release */ = {
			isa = XCBuildConfiguration;
			buildSettings = {
				CODE_SIGN_STYLE = Automatic;
				DEVELOPMENT_TEAM = NZSXN82T2Q;
				ENABLE_HARDENED_RUNTIME = YES;
				PRODUCT_NAME = "$(TARGET_NAME)";
				SWIFT_VERSION = 5.0;
			};
			name = Release;
		};
		AA9028102549C74D000F3616 /* Debug */ = {
			isa = XCBuildConfiguration;
			buildSettings = {
				CODE_SIGN_STYLE = Automatic;
				COMBINE_HIDPI_IMAGES = YES;
				DEVELOPMENT_TEAM = NZSXN82T2Q;
				INFOPLIST_FILE = Lisp2SwiftTests/Info.plist;
				LD_RUNPATH_SEARCH_PATHS = (
					"$(inherited)",
					"@executable_path/../Frameworks",
					"@loader_path/../Frameworks",
				);
				PRODUCT_BUNDLE_IDENTIFIER = uk.co.cssoftwareconsultancy.Lisp2SwiftTests;
				PRODUCT_NAME = "$(TARGET_NAME)";
				SWIFT_VERSION = 5.0;
			};
			name = Debug;
		};
		AA9028112549C74D000F3616 /* Release */ = {
			isa = XCBuildConfiguration;
			buildSettings = {
				CODE_SIGN_STYLE = Automatic;
				COMBINE_HIDPI_IMAGES = YES;
				DEVELOPMENT_TEAM = NZSXN82T2Q;
				INFOPLIST_FILE = Lisp2SwiftTests/Info.plist;
				LD_RUNPATH_SEARCH_PATHS = (
					"$(inherited)",
					"@executable_path/../Frameworks",
					"@loader_path/../Frameworks",
				);
				PRODUCT_BUNDLE_IDENTIFIER = uk.co.cssoftwareconsultancy.Lisp2SwiftTests;
				PRODUCT_NAME = "$(TARGET_NAME)";
				SWIFT_VERSION = 5.0;
			};
			name = Release;
		};
/* End XCBuildConfiguration section */

/* Begin XCConfigurationList section */
		AA9027F62549C72E000F3616 /* Build configuration list for PBXProject "Lisp2Swift" */ = {
			isa = XCConfigurationList;
			buildConfigurations = (
				AA9028002549C72E000F3616 /* Debug */,
				AA9028012549C72E000F3616 /* Release */,
			);
			defaultConfigurationIsVisible = 0;
			defaultConfigurationName = Release;
		};
		AA9028022549C72E000F3616 /* Build configuration list for PBXNativeTarget "Lisp2Swift" */ = {
			isa = XCConfigurationList;
			buildConfigurations = (
				AA9028032549C72E000F3616 /* Debug */,
				AA9028042549C72E000F3616 /* Release */,
			);
			defaultConfigurationIsVisible = 0;
			defaultConfigurationName = Release;
		};
		AA90280F2549C74D000F3616 /* Build configuration list for PBXNativeTarget "Lisp2SwiftTests" */ = {
			isa = XCConfigurationList;
			buildConfigurations = (
				AA9028102549C74D000F3616 /* Debug */,
				AA9028112549C74D000F3616 /* Release */,
			);
			defaultConfigurationIsVisible = 0;
			defaultConfigurationName = Release;
		};
/* End XCConfigurationList section */
	};
	rootObject = AA9027F32549C72E000F3616 /* Project object */;
}
